<?xml version="1.0" encoding="utf-8"?>
<Project ToolsVersion="4.0" xmlns="http://schemas.microsoft.com/developer/msbuild/2003">
  <ItemGroup>
    <Filter Include="Source Files">
      <UniqueIdentifier>{4FC737F1-C7A5-4376-A066-2A32D752A2FF}</UniqueIdentifier>
      <Extensions>cpp;c;cc;cxx;def;odl;idl;hpj;bat;asm;asmx</Extensions>
    </Filter>
    <Filter Include="Header Files">
      <UniqueIdentifier>{93995380-89BD-4b04-88EB-625FBE52EBFB}</UniqueIdentifier>
      <Extensions>h;hh;hpp;hxx;hm;inl;inc;xsd</Extensions>
    </Filter>
    <Filter Include="Resource Files">
      <UniqueIdentifier>{67DA6AB6-F800-4c08-8B7A-83BB121AAD01}</UniqueIdentifier>
      <Extensions>rc;ico;cur;bmp;dlg;rc2;rct;bin;rgs;gif;jpg;jpeg;jpe;resx;tiff;tif;png;wav;mfcribbon-ms</Extensions>
    </Filter>
    <Filter Include="Header Files\anthem">
      <UniqueIdentifier>{07a49907-8c6e-4ce1-91ea-91883ae269b2}</UniqueIdentifier>
    </Filter>
    <Filter Include="Header Files\anthem\containers">
      <UniqueIdentifier>{2caa31ee-5e6a-4d1b-9cce-421b8ef9e5e0}</UniqueIdentifier>
    </Filter>
    <Filter Include="Header Files\anthem\opcodes">
      <UniqueIdentifier>{7f3b404a-56dc-4946-9236-0b5c068c153d}</UniqueIdentifier>
    </Filter>
    <Filter Include="Header Files\anthem\utils">
      <UniqueIdentifier>{71b6d7cb-0d5e-45ac-8fe1-d84203a9ff8c}</UniqueIdentifier>
    </Filter>
    <Filter Include="Header Files\anthem_test">
      <UniqueIdentifier>{951fa646-82cf-4b46-a615-bd262d7e5274}</UniqueIdentifier>
    </Filter>
  </ItemGroup>
  <ItemGroup>
    <ClInclude Include="anthem\anthem.h">
      <Filter>Header Files</Filter>
    </ClInclude>
    <ClInclude Include="anthem\opcodes\anthem_base.h">
      <Filter>Header Files\anthem\opcodes</Filter>
    </ClInclude>
    <ClInclude Include="anthem\containers\containers.h">
      <Filter>Header Files\anthem\containers</Filter>
    </ClInclude>
    <ClInclude Include="anthem\containers\list.h">
      <Filter>Header Files\anthem\containers</Filter>
    </ClInclude>
    <ClInclude Include="anthem\opcodes\opcodes.h">
      <Filter>Header Files\anthem\opcodes</Filter>
    </ClInclude>
    <ClInclude Include="anthem\opcodes\var.h">
      <Filter>Header Files\anthem\opcodes</Filter>
    </ClInclude>
    <ClInclude Include="anthem\utils\utils.h">
      <Filter>Header Files\anthem\utils</Filter>
    </ClInclude>
    <ClInclude Include="anthem_test\tests.h">
      <Filter>Header Files\anthem_test</Filter>
    </ClInclude>
    <ClInclude Include="anthem\containers\pair.h">
      <Filter>Header Files\anthem\containers</Filter>
    </ClInclude>
    <ClInclude Include="anthem\containers\map.h">
      <Filter>Header Files\anthem\containers</Filter>
    </ClInclude>
    <ClInclude Include="anthem\opcodes\set.h">
      <Filter>Header Files\anthem\opcodes</Filter>
    </ClInclude>
    <ClInclude Include="anthem\utils\anthem_adapter.h">
      <Filter>Header Files\anthem\utils</Filter>
    </ClInclude>
    <ClInclude Include="anthem\opcodes\if.h">
      <Filter>Header Files\anthem\opcodes</Filter>
    </ClInclude>
    <ClInclude Include="anthem\opcodes\eval.h">
      <Filter>Header Files\anthem\opcodes</Filter>
    </ClInclude>
    <ClInclude Include="anthem\opcodes\block.h">
      <Filter>Header Files\anthem\opcodes</Filter>
    </ClInclude>
    <ClInclude Include="anthem\opcodes\equals.h">
      <Filter>Header Files\anthem\opcodes</Filter>
    </ClInclude>
    <ClInclude Include="anthem\opcodes\and.h">
      <Filter>Header Files\anthem\opcodes</Filter>
    </ClInclude>
    <ClInclude Include="anthem\opcodes\run.h">
      <Filter>Header Files\anthem\opcodes</Filter>
    </ClInclude>
    <ClInclude Include="anthem\opcodes\dummy.h">
      <Filter>Header Files\anthem\opcodes</Filter>
    </ClInclude>
    <ClInclude Include="anthem\anthem_macros.h">
      <Filter>Header Files</Filter>
    </ClInclude>
  </ItemGroup>
  <ItemGroup>
    <ClCompile Include="Main.cpp">
      <Filter>Source Files</Filter>
    </ClCompile>
    <ClCompile Include="anthem\utils\split_string.h">
      <Filter>Header Files\anthem\utils</Filter>
    </ClCompile>
  </ItemGroup>
  <ItemGroup>
    <None Include="Readme.md" />
  </ItemGroup>
</Project>